
Microsoft Visual Studio Solution File, Format Version 12.00
# Visual Studio 15
VisualStudioVersion = 15.0.28307.168
MinimumVisualStudioVersion = 10.0.40219.1
Project("{FAE04EC0-301F-11D3-BF4B-00C04F79EFBC}") = "Auto", "Auto\Auto.csproj", "{1BBB17E3-4C32-4B57-963C-E32D26007A8E}"
EndProject
Project("{FAE04EC0-301F-11D3-BF4B-00C04F79EFBC}") = "DomainCore", "DomainCore\DomainCore.csproj", "{0D6A0B89-37FA-4EF3-9223-C70F6360FB56}"
EndProject
Project("{FAE04EC0-301F-11D3-BF4B-00C04F79EFBC}") = "DomainService", "DomainService\DomainService.csproj", "{ED97BAEC-E77C-4E5A-8E46-DE43B9D58395}"
EndProject
Project("{FAE04EC0-301F-11D3-BF4B-00C04F79EFBC}") = "IoC", "IoC\IoC.csproj", "{0ED3AAE2-F4A6-4DBE-891B-0D66716BC15F}"
EndProject
Project("{FAE04EC0-301F-11D3-BF4B-00C04F79EFBC}") = "InfructructureDataInterfaces", "InfructructureDataInterfaces\InfructructureDataInterfaces.csproj", "{5E85A6B9-8D26-454A-BCC3-F21698714BE1}"
EndProject
Project("{FAE04EC0-301F-11D3-BF4B-00C04F79EFBC}") = "InfrustructureData", "InfrustructureData\InfrustructureData.csproj", "{A0A0DCD6-6994-4DBA-BF45-22FDB7678609}"
EndProject
Global
	GlobalSection(SolutionConfigurationPlatforms) = preSolution
		Debug|Any CPU = Debug|Any CPU
		Release|Any CPU = Release|Any CPU
	EndGlobalSection
	GlobalSection(ProjectConfigurationPlatforms) = postSolution
		{1BBB17E3-4C32-4B57-963C-E32D26007A8E}.Debug|Any CPU.ActiveCfg = Debug|Any CPU
		{1BBB17E3-4C32-4B57-963C-E32D26007A8E}.Debug|Any CPU.Build.0 = Debug|Any CPU
		{1BBB17E3-4C32-4B57-963C-E32D26007A8E}.Release|Any CPU.ActiveCfg = Release|Any CPU
		{1BBB17E3-4C32-4B57-963C-E32D26007A8E}.Release|Any CPU.Build.0 = Release|Any CPU
		{0D6A0B89-37FA-4EF3-9223-C70F6360FB56}.Debug|Any CPU.ActiveCfg = Debug|Any CPU
		{0D6A0B89-37FA-4EF3-9223-C70F6360FB56}.Debug|Any CPU.Build.0 = Debug|Any CPU
		{0D6A0B89-37FA-4EF3-9223-C70F6360FB56}.Release|Any CPU.ActiveCfg = Release|Any CPU
		{0D6A0B89-37FA-4EF3-9223-C70F6360FB56}.Release|Any CPU.Build.0 = Release|Any CPU
		{ED97BAEC-E77C-4E5A-8E46-DE43B9D58395}.Debug|Any CPU.ActiveCfg = Debug|Any CPU
		{ED97BAEC-E77C-4E5A-8E46-DE43B9D58395}.Debug|Any CPU.Build.0 = Debug|Any CPU
		{ED97BAEC-E77C-4E5A-8E46-DE43B9D58395}.Release|Any CPU.ActiveCfg = Release|Any CPU
		{ED97BAEC-E77C-4E5A-8E46-DE43B9D58395}.Release|Any CPU.Build.0 = Release|Any CPU
		{0ED3AAE2-F4A6-4DBE-891B-0D66716BC15F}.Debug|Any CPU.ActiveCfg = Debug|Any CPU
		{0ED3AAE2-F4A6-4DBE-891B-0D66716BC15F}.Debug|Any CPU.Build.0 = Debug|Any CPU
		{0ED3AAE2-F4A6-4DBE-891B-0D66716BC15F}.Release|Any CPU.ActiveCfg = Release|Any CPU
		{0ED3AAE2-F4A6-4DBE-891B-0D66716BC15F}.Release|Any CPU.Build.0 = Release|Any CPU
		{5E85A6B9-8D26-454A-BCC3-F21698714BE1}.Debug|Any CPU.ActiveCfg = Debug|Any CPU
		{5E85A6B9-8D26-454A-BCC3-F21698714BE1}.Debug|Any CPU.Build.0 = Debug|Any CPU
		{5E85A6B9-8D26-454A-BCC3-F21698714BE1}.Release|Any CPU.ActiveCfg = Release|Any CPU
		{5E85A6B9-8D26-454A-BCC3-F21698714BE1}.Release|Any CPU.Build.0 = Release|Any CPU
		{A0A0DCD6-6994-4DBA-BF45-22FDB7678609}.Debug|Any CPU.ActiveCfg = Debug|Any CPU
		{A0A0DCD6-6994-4DBA-BF45-22FDB7678609}.Debug|Any CPU.Build.0 = Debug|Any CPU
		{A0A0DCD6-6994-4DBA-BF45-22FDB7678609}.Release|Any CPU.ActiveCfg = Release|Any CPU
		{A0A0DCD6-6994-4DBA-BF45-22FDB7678609}.Release|Any CPU.Build.0 = Release|Any CPU
	EndGlobalSection
	GlobalSection(SolutionProperties) = preSolution
		HideSolutionNode = FALSE
	EndGlobalSection
	GlobalSection(ExtensibilityGlobals) = postSolution
		SolutionGuid = {52C7B39D-B7B4-44ED-BF57-460F6DAC0045}
	EndGlobalSection
EndGlobal
